// !$*UTF8*$!
{
	archiveVersion = 1;
	classes = {
	};
	objectVersion = 46;
	objects = {

/* Begin PBXBuildFile section */
		3A366DB8A2E285A68017750D /* Pods_PhotoAnalyzer.framework in Frameworks */ = {isa = PBXBuildFile; fileRef = 05C6B11E8D6E614CCB562FDC /* Pods_PhotoAnalyzer.framework */; };
		944529951E1B90200058E200 /* DeleteAllPhotosViewController.swift in Sources */ = {isa = PBXBuildFile; fileRef = 944529941E1B90200058E200 /* DeleteAllPhotosViewController.swift */; };
		9445299A1E1B902C0058E200 /* Deletion.storyboard in Resources */ = {isa = PBXBuildFile; fileRef = 944529971E1B902C0058E200 /* Deletion.storyboard */; };
		9445299B1E1B902C0058E200 /* SwipeToDeleteViewController.swift in Sources */ = {isa = PBXBuildFile; fileRef = 944529981E1B902C0058E200 /* SwipeToDeleteViewController.swift */; };
		944529B21E1B91080058E200 /* Constants.swift in Sources */ = {isa = PBXBuildFile; fileRef = 944529AB1E1B91080058E200 /* Constants.swift */; };
		944529B31E1B91080058E200 /* Extensions.swift in Sources */ = {isa = PBXBuildFile; fileRef = 944529AC1E1B91080058E200 /* Extensions.swift */; };
		944529B41E1B91080058E200 /* Info.plist in Resources */ = {isa = PBXBuildFile; fileRef = 944529AD1E1B91080058E200 /* Info.plist */; };
		944529B51E1B91080058E200 /* Permissions.swift in Sources */ = {isa = PBXBuildFile; fileRef = 944529AE1E1B91080058E200 /* Permissions.swift */; };
		944529B61E1B91080058E200 /* PermissionScope.swift in Sources */ = {isa = PBXBuildFile; fileRef = 944529B01E1B91080058E200 /* PermissionScope.swift */; };
		944529B71E1B91080058E200 /* Structs.swift in Sources */ = {isa = PBXBuildFile; fileRef = 944529B11E1B91080058E200 /* Structs.swift */; };
		944ED67F1E2739CA00A2717C /* Location.swift in Sources */ = {isa = PBXBuildFile; fileRef = 944ED67E1E2739CA00A2717C /* Location.swift */; };
		949D479A1E1B8D22000CA7C6 /* AppDelegate.swift in Sources */ = {isa = PBXBuildFile; fileRef = 949D47991E1B8D22000CA7C6 /* AppDelegate.swift */; };
		949D479C1E1B8D22000CA7C6 /* ViewController.swift in Sources */ = {isa = PBXBuildFile; fileRef = 949D479B1E1B8D22000CA7C6 /* ViewController.swift */; };
		949D479F1E1B8D22000CA7C6 /* Main.storyboard in Resources */ = {isa = PBXBuildFile; fileRef = 949D479D1E1B8D22000CA7C6 /* Main.storyboard */; };
		949D47A11E1B8D22000CA7C6 /* Assets.xcassets in Resources */ = {isa = PBXBuildFile; fileRef = 949D47A01E1B8D22000CA7C6 /* Assets.xcassets */; };
		949D47A41E1B8D22000CA7C6 /* LaunchScreen.storyboard in Resources */ = {isa = PBXBuildFile; fileRef = 949D47A21E1B8D22000CA7C6 /* LaunchScreen.storyboard */; };
		949D47AF1E1B8D22000CA7C6 /* PhotoAnalyzerUITests.swift in Sources */ = {isa = PBXBuildFile; fileRef = 949D47AE1E1B8D22000CA7C6 /* PhotoAnalyzerUITests.swift */; };
		94A6461C1E2726CD0019C954 /* PAMediaObject.swift in Sources */ = {isa = PBXBuildFile; fileRef = 94A6461B1E2726CD0019C954 /* PAMediaObject.swift */; };
		94E07ADB1E271F4C00B629D1 /* MainViewController.swift in Sources */ = {isa = PBXBuildFile; fileRef = 94E07ADA1E271F4C00B629D1 /* MainViewController.swift */; };
		94E07ADE1E2723CC00B629D1 /* Realm.framework in Frameworks */ = {isa = PBXBuildFile; fileRef = 94E07ADC1E2723CC00B629D1 /* Realm.framework */; };
		94E07ADF1E2723CC00B629D1 /* Realm.framework in Embed Frameworks */ = {isa = PBXBuildFile; fileRef = 94E07ADC1E2723CC00B629D1 /* Realm.framework */; settings = {ATTRIBUTES = (CodeSignOnCopy, RemoveHeadersOnCopy, ); }; };
		94E07AE01E2723CC00B629D1 /* RealmSwift.framework in Frameworks */ = {isa = PBXBuildFile; fileRef = 94E07ADD1E2723CC00B629D1 /* RealmSwift.framework */; };
		94E07AE11E2723CC00B629D1 /* RealmSwift.framework in Embed Frameworks */ = {isa = PBXBuildFile; fileRef = 94E07ADD1E2723CC00B629D1 /* RealmSwift.framework */; settings = {ATTRIBUTES = (CodeSignOnCopy, RemoveHeadersOnCopy, ); }; };
/* End PBXBuildFile section */

/* Begin PBXContainerItemProxy section */
		949D47AB1E1B8D22000CA7C6 /* PBXContainerItemProxy */ = {
			isa = PBXContainerItemProxy;
			containerPortal = 949D478E1E1B8D22000CA7C6 /* Project object */;
			proxyType = 1;
			remoteGlobalIDString = 949D47951E1B8D22000CA7C6;
			remoteInfo = PhotoAnalyzer;
		};
/* End PBXContainerItemProxy section */

/* Begin PBXCopyFilesBuildPhase section */
		94E07AE21E2723CC00B629D1 /* Embed Frameworks */ = {
			isa = PBXCopyFilesBuildPhase;
			buildActionMask = 2147483647;
			dstPath = "";
			dstSubfolderSpec = 10;
			files = (
				94E07AE11E2723CC00B629D1 /* RealmSwift.framework in Embed Frameworks */,
				94E07ADF1E2723CC00B629D1 /* Realm.framework in Embed Frameworks */,
			);
			name = "Embed Frameworks";
			runOnlyForDeploymentPostprocessing = 0;
		};
/* End PBXCopyFilesBuildPhase section */

/* Begin PBXFileReference section */
		05C6B11E8D6E614CCB562FDC /* Pods_PhotoAnalyzer.framework */ = {isa = PBXFileReference; explicitFileType = wrapper.framework; includeInIndex = 0; path = Pods_PhotoAnalyzer.framework; sourceTree = BUILT_PRODUCTS_DIR; };
		5DC385E49390150B349416E9 /* Pods-PhotoAnalyzer.release.xcconfig */ = {isa = PBXFileReference; includeInIndex = 1; lastKnownFileType = text.xcconfig; name = "Pods-PhotoAnalyzer.release.xcconfig"; path = "Pods/Target Support Files/Pods-PhotoAnalyzer/Pods-PhotoAnalyzer.release.xcconfig"; sourceTree = "<group>"; };
		944529941E1B90200058E200 /* DeleteAllPhotosViewController.swift */ = {isa = PBXFileReference; fileEncoding = 4; lastKnownFileType = sourcecode.swift; path = DeleteAllPhotosViewController.swift; sourceTree = "<group>"; };
		944529971E1B902C0058E200 /* Deletion.storyboard */ = {isa = PBXFileReference; fileEncoding = 4; lastKnownFileType = file.storyboard; path = Deletion.storyboard; sourceTree = "<group>"; };
		944529981E1B902C0058E200 /* SwipeToDeleteViewController.swift */ = {isa = PBXFileReference; fileEncoding = 4; lastKnownFileType = sourcecode.swift; path = SwipeToDeleteViewController.swift; sourceTree = "<group>"; };
		944529AB1E1B91080058E200 /* Constants.swift */ = {isa = PBXFileReference; fileEncoding = 4; lastKnownFileType = sourcecode.swift; path = Constants.swift; sourceTree = "<group>"; };
		944529AC1E1B91080058E200 /* Extensions.swift */ = {isa = PBXFileReference; fileEncoding = 4; lastKnownFileType = sourcecode.swift; path = Extensions.swift; sourceTree = "<group>"; };
		944529AD1E1B91080058E200 /* Info.plist */ = {isa = PBXFileReference; fileEncoding = 4; lastKnownFileType = text.plist.xml; path = Info.plist; sourceTree = "<group>"; };
		944529AE1E1B91080058E200 /* Permissions.swift */ = {isa = PBXFileReference; fileEncoding = 4; lastKnownFileType = sourcecode.swift; path = Permissions.swift; sourceTree = "<group>"; };
		944529AF1E1B91080058E200 /* PermissionScope.h */ = {isa = PBXFileReference; fileEncoding = 4; lastKnownFileType = sourcecode.c.h; path = PermissionScope.h; sourceTree = "<group>"; };
		944529B01E1B91080058E200 /* PermissionScope.swift */ = {isa = PBXFileReference; fileEncoding = 4; lastKnownFileType = sourcecode.swift; path = PermissionScope.swift; sourceTree = "<group>"; };
		944529B11E1B91080058E200 /* Structs.swift */ = {isa = PBXFileReference; fileEncoding = 4; lastKnownFileType = sourcecode.swift; path = Structs.swift; sourceTree = "<group>"; };
		944ED67E1E2739CA00A2717C /* Location.swift */ = {isa = PBXFileReference; fileEncoding = 4; lastKnownFileType = sourcecode.swift; path = Location.swift; sourceTree = "<group>"; };
		949D47961E1B8D22000CA7C6 /* PhotoAnalyzer.app */ = {isa = PBXFileReference; explicitFileType = wrapper.application; includeInIndex = 0; path = PhotoAnalyzer.app; sourceTree = BUILT_PRODUCTS_DIR; };
		949D47991E1B8D22000CA7C6 /* AppDelegate.swift */ = {isa = PBXFileReference; lastKnownFileType = sourcecode.swift; path = AppDelegate.swift; sourceTree = "<group>"; };
		949D479B1E1B8D22000CA7C6 /* ViewController.swift */ = {isa = PBXFileReference; lastKnownFileType = sourcecode.swift; path = ViewController.swift; sourceTree = "<group>"; };
		949D479E1E1B8D22000CA7C6 /* Base */ = {isa = PBXFileReference; lastKnownFileType = file.storyboard; name = Base; path = Base.lproj/Main.storyboard; sourceTree = "<group>"; };
		949D47A01E1B8D22000CA7C6 /* Assets.xcassets */ = {isa = PBXFileReference; lastKnownFileType = folder.assetcatalog; path = Assets.xcassets; sourceTree = "<group>"; };
		949D47A31E1B8D22000CA7C6 /* Base */ = {isa = PBXFileReference; lastKnownFileType = file.storyboard; name = Base; path = Base.lproj/LaunchScreen.storyboard; sourceTree = "<group>"; };
		949D47A51E1B8D22000CA7C6 /* Info.plist */ = {isa = PBXFileReference; lastKnownFileType = text.plist.xml; path = Info.plist; sourceTree = "<group>"; };
		949D47AA1E1B8D22000CA7C6 /* PhotoAnalyzerUITests.xctest */ = {isa = PBXFileReference; explicitFileType = wrapper.cfbundle; includeInIndex = 0; path = PhotoAnalyzerUITests.xctest; sourceTree = BUILT_PRODUCTS_DIR; };
		949D47AE1E1B8D22000CA7C6 /* PhotoAnalyzerUITests.swift */ = {isa = PBXFileReference; lastKnownFileType = sourcecode.swift; path = PhotoAnalyzerUITests.swift; sourceTree = "<group>"; };
		949D47B01E1B8D22000CA7C6 /* Info.plist */ = {isa = PBXFileReference; lastKnownFileType = text.plist.xml; path = Info.plist; sourceTree = "<group>"; };
		94A6461B1E2726CD0019C954 /* PAMediaObject.swift */ = {isa = PBXFileReference; fileEncoding = 4; lastKnownFileType = sourcecode.swift; path = PAMediaObject.swift; sourceTree = "<group>"; };
		94E07ADA1E271F4C00B629D1 /* MainViewController.swift */ = {isa = PBXFileReference; fileEncoding = 4; lastKnownFileType = sourcecode.swift; path = MainViewController.swift; sourceTree = "<group>"; };
		94E07ADC1E2723CC00B629D1 /* Realm.framework */ = {isa = PBXFileReference; lastKnownFileType = wrapper.framework; path = Realm.framework; sourceTree = "<group>"; };
		94E07ADD1E2723CC00B629D1 /* RealmSwift.framework */ = {isa = PBXFileReference; lastKnownFileType = wrapper.framework; path = RealmSwift.framework; sourceTree = "<group>"; };
		A675F2C16EA86587910CCC3E /* Pods-PhotoAnalyzer.debug.xcconfig */ = {isa = PBXFileReference; includeInIndex = 1; lastKnownFileType = text.xcconfig; name = "Pods-PhotoAnalyzer.debug.xcconfig"; path = "Pods/Target Support Files/Pods-PhotoAnalyzer/Pods-PhotoAnalyzer.debug.xcconfig"; sourceTree = "<group>"; };
/* End PBXFileReference section */

/* Begin PBXFrameworksBuildPhase section */
		949D47931E1B8D22000CA7C6 /* Frameworks */ = {
			isa = PBXFrameworksBuildPhase;
			buildActionMask = 2147483647;
			files = (
				94E07ADE1E2723CC00B629D1 /* Realm.framework in Frameworks */,
				3A366DB8A2E285A68017750D /* Pods_PhotoAnalyzer.framework in Frameworks */,
				94E07AE01E2723CC00B629D1 /* RealmSwift.framework in Frameworks */,
			);
			runOnlyForDeploymentPostprocessing = 0;
		};
		949D47A71E1B8D22000CA7C6 /* Frameworks */ = {
			isa = PBXFrameworksBuildPhase;
			buildActionMask = 2147483647;
			files = (
			);
			runOnlyForDeploymentPostprocessing = 0;
		};
/* End PBXFrameworksBuildPhase section */

/* Begin PBXGroup section */
		12602C40EABF8CEF010B586B /* Frameworks */ = {
			isa = PBXGroup;
			children = (
				05C6B11E8D6E614CCB562FDC /* Pods_PhotoAnalyzer.framework */,
			);
			name = Frameworks;
			sourceTree = "<group>";
		};
		7791FA49F41D5A8A59DAE100 /* Pods */ = {
			isa = PBXGroup;
			children = (
				A675F2C16EA86587910CCC3E /* Pods-PhotoAnalyzer.debug.xcconfig */,
				5DC385E49390150B349416E9 /* Pods-PhotoAnalyzer.release.xcconfig */,
			);
			name = Pods;
			sourceTree = "<group>";
		};
		944529AA1E1B91080058E200 /* PermissionScope */ = {
			isa = PBXGroup;
			children = (
				944529AB1E1B91080058E200 /* Constants.swift */,
				944529AC1E1B91080058E200 /* Extensions.swift */,
				944529AD1E1B91080058E200 /* Info.plist */,
				944529AE1E1B91080058E200 /* Permissions.swift */,
				944529AF1E1B91080058E200 /* PermissionScope.h */,
				944529B01E1B91080058E200 /* PermissionScope.swift */,
				944529B11E1B91080058E200 /* Structs.swift */,
			);
			path = PermissionScope;
			sourceTree = "<group>";
		};
		949D478D1E1B8D22000CA7C6 = {
			isa = PBXGroup;
			children = (
				94E07ADC1E2723CC00B629D1 /* Realm.framework */,
				94E07ADD1E2723CC00B629D1 /* RealmSwift.framework */,
				944529AA1E1B91080058E200 /* PermissionScope */,
				949D47981E1B8D22000CA7C6 /* PhotoAnalyzer */,
				949D47AD1E1B8D22000CA7C6 /* PhotoAnalyzerUITests */,
				949D47971E1B8D22000CA7C6 /* Products */,
				7791FA49F41D5A8A59DAE100 /* Pods */,
				12602C40EABF8CEF010B586B /* Frameworks */,
			);
			sourceTree = "<group>";
		};
		949D47971E1B8D22000CA7C6 /* Products */ = {
			isa = PBXGroup;
			children = (
				949D47961E1B8D22000CA7C6 /* PhotoAnalyzer.app */,
				949D47AA1E1B8D22000CA7C6 /* PhotoAnalyzerUITests.xctest */,
			);
			name = Products;
			sourceTree = "<group>";
		};
		949D47981E1B8D22000CA7C6 /* PhotoAnalyzer */ = {
			isa = PBXGroup;
			children = (
				944529941E1B90200058E200 /* DeleteAllPhotosViewController.swift */,
				94E07ADA1E271F4C00B629D1 /* MainViewController.swift */,
				949D479D1E1B8D22000CA7C6 /* Main.storyboard */,
				949D47991E1B8D22000CA7C6 /* AppDelegate.swift */,
				944529971E1B902C0058E200 /* Deletion.storyboard */,
				944529981E1B902C0058E200 /* SwipeToDeleteViewController.swift */,
				949D479B1E1B8D22000CA7C6 /* ViewController.swift */,
				949D47A01E1B8D22000CA7C6 /* Assets.xcassets */,
				949D47A21E1B8D22000CA7C6 /* LaunchScreen.storyboard */,
				949D47A51E1B8D22000CA7C6 /* Info.plist */,
				94A6461B1E2726CD0019C954 /* PAMediaObject.swift */,
				944ED67E1E2739CA00A2717C /* Location.swift */,
			);
			path = PhotoAnalyzer;
			sourceTree = "<group>";
		};
		949D47AD1E1B8D22000CA7C6 /* PhotoAnalyzerUITests */ = {
			isa = PBXGroup;
			children = (
				949D47AE1E1B8D22000CA7C6 /* PhotoAnalyzerUITests.swift */,
				949D47B01E1B8D22000CA7C6 /* Info.plist */,
			);
			path = PhotoAnalyzerUITests;
			sourceTree = "<group>";
		};
/* End PBXGroup section */

/* Begin PBXNativeTarget section */
		949D47951E1B8D22000CA7C6 /* PhotoAnalyzer */ = {
			isa = PBXNativeTarget;
			buildConfigurationList = 949D47B31E1B8D22000CA7C6 /* Build configuration list for PBXNativeTarget "PhotoAnalyzer" */;
			buildPhases = (
				A97A325A8F44A7EAC91F50D2 /* [CP] Check Pods Manifest.lock */,
				949D47921E1B8D22000CA7C6 /* Sources */,
				949D47931E1B8D22000CA7C6 /* Frameworks */,
				949D47941E1B8D22000CA7C6 /* Resources */,
				FEC75901765D930D4D5B72F8 /* [CP] Embed Pods Frameworks */,
				8842F84E8CEC4043E48E52D6 /* [CP] Copy Pods Resources */,
				94E07AE21E2723CC00B629D1 /* Embed Frameworks */,
				94E07AE31E27247700B629D1 /* ShellScript */,
				94E07AE41E27248200B629D1 /* ShellScript */,
			);
			buildRules = (
			);
			dependencies = (
			);
			name = PhotoAnalyzer;
			productName = PhotoAnalyzer;
			productReference = 949D47961E1B8D22000CA7C6 /* PhotoAnalyzer.app */;
			productType = "com.apple.product-type.application";
		};
		949D47A91E1B8D22000CA7C6 /* PhotoAnalyzerUITests */ = {
			isa = PBXNativeTarget;
			buildConfigurationList = 949D47B61E1B8D22000CA7C6 /* Build configuration list for PBXNativeTarget "PhotoAnalyzerUITests" */;
			buildPhases = (
				949D47A61E1B8D22000CA7C6 /* Sources */,
				949D47A71E1B8D22000CA7C6 /* Frameworks */,
				949D47A81E1B8D22000CA7C6 /* Resources */,
			);
			buildRules = (
			);
			dependencies = (
				949D47AC1E1B8D22000CA7C6 /* PBXTargetDependency */,
			);
			name = PhotoAnalyzerUITests;
			productName = PhotoAnalyzerUITests;
			productReference = 949D47AA1E1B8D22000CA7C6 /* PhotoAnalyzerUITests.xctest */;
			productType = "com.apple.product-type.bundle.ui-testing";
		};
/* End PBXNativeTarget section */

/* Begin PBXProject section */
		949D478E1E1B8D22000CA7C6 /* Project object */ = {
			isa = PBXProject;
			attributes = {
				LastSwiftUpdateCheck = 0820;
				LastUpgradeCheck = 0820;
				ORGANIZATIONNAME = "Ryan D'souza";
				TargetAttributes = {
					949D47951E1B8D22000CA7C6 = {
						CreatedOnToolsVersion = 8.2.1;
						DevelopmentTeam = Q7N3L673D8;
						ProvisioningStyle = Automatic;
					};
					949D47A91E1B8D22000CA7C6 = {
						CreatedOnToolsVersion = 8.2.1;
						ProvisioningStyle = Automatic;
						TestTargetID = 949D47951E1B8D22000CA7C6;
					};
				};
			};
			buildConfigurationList = 949D47911E1B8D22000CA7C6 /* Build configuration list for PBXProject "PhotoAnalyzer" */;
			compatibilityVersion = "Xcode 3.2";
			developmentRegion = English;
			hasScannedForEncodings = 0;
			knownRegions = (
				en,
				Base,
			);
			mainGroup = 949D478D1E1B8D22000CA7C6;
			productRefGroup = 949D47971E1B8D22000CA7C6 /* Products */;
			projectDirPath = "";
			projectRoot = "";
			targets = (
				949D47951E1B8D22000CA7C6 /* PhotoAnalyzer */,
				949D47A91E1B8D22000CA7C6 /* PhotoAnalyzerUITests */,
			);
		};
/* End PBXProject section */

/* Begin PBXResourcesBuildPhase section */
		949D47941E1B8D22000CA7C6 /* Resources */ = {
			isa = PBXResourcesBuildPhase;
			buildActionMask = 2147483647;
			files = (
				949D47A41E1B8D22000CA7C6 /* LaunchScreen.storyboard in Resources */,
				949D47A11E1B8D22000CA7C6 /* Assets.xcassets in Resources */,
				9445299A1E1B902C0058E200 /* Deletion.storyboard in Resources */,
				944529B41E1B91080058E200 /* Info.plist in Resources */,
				949D479F1E1B8D22000CA7C6 /* Main.storyboard in Resources */,
			);
			runOnlyForDeploymentPostprocessing = 0;
		};
		949D47A81E1B8D22000CA7C6 /* Resources */ = {
			isa = PBXResourcesBuildPhase;
			buildActionMask = 2147483647;
			files = (
			);
			runOnlyForDeploymentPostprocessing = 0;
		};
/* End PBXResourcesBuildPhase section */

/* Begin PBXShellScriptBuildPhase section */
		8842F84E8CEC4043E48E52D6 /* [CP] Copy Pods Resources */ = {
			isa = PBXShellScriptBuildPhase;
			buildActionMask = 8;
			files = (
			);
			inputPaths = (
			);
			name = "[CP] Copy Pods Resources";
			outputPaths = (
			);
			runOnlyForDeploymentPostprocessing = 1;
			shellPath = /bin/sh;
			shellScript = "\"${SRCROOT}/Pods/Target Support Files/Pods-PhotoAnalyzer/Pods-PhotoAnalyzer-resources.sh\"\nbash \"${BUILT_PRODUCTS_DIR}/${FRAMEWORKS_FOLDER_PATH}/Realm.framework/strip-frameworks.sh\"";
			showEnvVarsInLog = 0;
		};
		94E07AE31E27247700B629D1 /* ShellScript */ = {
			isa = PBXShellScriptBuildPhase;
			buildActionMask = 2147483647;
			files = (
			);
			inputPaths = (
			);
			outputPaths = (
			);
			runOnlyForDeploymentPostprocessing = 0;
			shellPath = /bin/sh;
			shellScript = "";
		};
		94E07AE41E27248200B629D1 /* ShellScript */ = {
			isa = PBXShellScriptBuildPhase;
			buildActionMask = 2147483647;
			files = (
			);
			inputPaths = (
			);
			outputPaths = (
			);
			runOnlyForDeploymentPostprocessing = 0;
			shellPath = /bin/sh;
			shellScript = "";
		};
		A97A325A8F44A7EAC91F50D2 /* [CP] Check Pods Manifest.lock */ = {
			isa = PBXShellScriptBuildPhase;
			buildActionMask = 2147483647;
			files = (
			);
			inputPaths = (
			);
			name = "[CP] Check Pods Manifest.lock";
			outputPaths = (
			);
			runOnlyForDeploymentPostprocessing = 0;
			shellPath = /bin/sh;
			shellScript = "diff \"${PODS_ROOT}/../Podfile.lock\" \"${PODS_ROOT}/Manifest.lock\" > /dev/null\nif [ $? != 0 ] ; then\n    # print error to STDERR\n    echo \"error: The sandbox is not in sync with the Podfile.lock. Run 'pod install' or update your CocoaPods installation.\" >&2\n    exit 1\nfi\n";
			showEnvVarsInLog = 0;
		};
		FEC75901765D930D4D5B72F8 /* [CP] Embed Pods Frameworks */ = {
			isa = PBXShellScriptBuildPhase;
			buildActionMask = 2147483647;
			files = (
			);
			inputPaths = (
			);
			name = "[CP] Embed Pods Frameworks";
			outputPaths = (
			);
			runOnlyForDeploymentPostprocessing = 0;
			shellPath = /bin/sh;
			shellScript = "\"${SRCROOT}/Pods/Target Support Files/Pods-PhotoAnalyzer/Pods-PhotoAnalyzer-frameworks.sh\"\n";
			showEnvVarsInLog = 0;
		};
/* End PBXShellScriptBuildPhase section */

/* Begin PBXSourcesBuildPhase section */
		949D47921E1B8D22000CA7C6 /* Sources */ = {
			isa = PBXSourcesBuildPhase;
			buildActionMask = 2147483647;
			files = (
				94A6461C1E2726CD0019C954 /* PAMediaObject.swift in Sources */,
				944529B51E1B91080058E200 /* Permissions.swift in Sources */,
				94E07ADB1E271F4C00B629D1 /* MainViewController.swift in Sources */,
				944529B71E1B91080058E200 /* Structs.swift in Sources */,
				949D479C1E1B8D22000CA7C6 /* ViewController.swift in Sources */,
				944529B61E1B91080058E200 /* PermissionScope.swift in Sources */,
				944529951E1B90200058E200 /* DeleteAllPhotosViewController.swift in Sources */,
				9445299B1E1B902C0058E200 /* SwipeToDeleteViewController.swift in Sources */,
				949D479A1E1B8D22000CA7C6 /* AppDelegate.swift in Sources */,
				944529B21E1B91080058E200 /* Constants.swift in Sources */,
				944ED67F1E2739CA00A2717C /* Location.swift in Sources */,
				944529B31E1B91080058E200 /* Extensions.swift in Sources */,
			);
			runOnlyForDeploymentPostprocessing = 0;
		};
		949D47A61E1B8D22000CA7C6 /* Sources */ = {
			isa = PBXSourcesBuildPhase;
			buildActionMask = 2147483647;
			files = (
				949D47AF1E1B8D22000CA7C6 /* PhotoAnalyzerUITests.swift in Sources */,
			);
			runOnlyForDeploymentPostprocessing = 0;
		};
/* End PBXSourcesBuildPhase section */

/* Begin PBXTargetDependency section */
		949D47AC1E1B8D22000CA7C6 /* PBXTargetDependency */ = {
			isa = PBXTargetDependency;
			target = 949D47951E1B8D22000CA7C6 /* PhotoAnalyzer */;
			targetProxy = 949D47AB1E1B8D22000CA7C6 /* PBXContainerItemProxy */;
		};
/* End PBXTargetDependency section */

/* Begin PBXVariantGroup section */
		949D479D1E1B8D22000CA7C6 /* Main.storyboard */ = {
			isa = PBXVariantGroup;
			children = (
				949D479E1E1B8D22000CA7C6 /* Base */,
			);
			name = Main.storyboard;
			sourceTree = "<group>";
		};
		949D47A21E1B8D22000CA7C6 /* LaunchScreen.storyboard */ = {
			isa = PBXVariantGroup;
			children = (
				949D47A31E1B8D22000CA7C6 /* Base */,
			);
			name = LaunchScreen.storyboard;
			sourceTree = "<group>";
		};
/* End PBXVariantGroup section */

/* Begin XCBuildConfiguration section */
		949D47B11E1B8D22000CA7C6 /* Debug */ = {
			isa = XCBuildConfiguration;
			buildSettings = {
				ALWAYS_SEARCH_USER_PATHS = NO;
				CLANG_ANALYZER_NONNULL = YES;
				CLANG_CXX_LANGUAGE_STANDARD = "gnu++0x";
				CLANG_CXX_LIBRARY = "libc++";
				CLANG_ENABLE_MODULES = YES;
				CLANG_ENABLE_OBJC_ARC = YES;
				CLANG_WARN_BOOL_CONVERSION = YES;
				CLANG_WARN_CONSTANT_CONVERSION = YES;
				CLANG_WARN_DIRECT_OBJC_ISA_USAGE = YES_ERROR;
				CLANG_WARN_DOCUMENTATION_COMMENTS = YES;
				CLANG_WARN_EMPTY_BODY = YES;
				CLANG_WARN_ENUM_CONVERSION = YES;
				CLANG_WARN_INFINITE_RECURSION = YES;
				CLANG_WARN_INT_CONVERSION = YES;
				CLANG_WARN_OBJC_ROOT_CLASS = YES_ERROR;
				CLANG_WARN_SUSPICIOUS_MOVE = YES;
				CLANG_WARN_UNREACHABLE_CODE = YES;
				CLANG_WARN__DUPLICATE_METHOD_MATCH = YES;
				"CODE_SIGN_IDENTITY[sdk=iphoneos*]" = "iPhone Developer";
				COPY_PHASE_STRIP = NO;
				DEBUG_INFORMATION_FORMAT = dwarf;
				ENABLE_STRICT_OBJC_MSGSEND = YES;
				ENABLE_TESTABILITY = YES;
				GCC_C_LANGUAGE_STANDARD = gnu99;
				GCC_DYNAMIC_NO_PIC = NO;
				GCC_NO_COMMON_BLOCKS = YES;
				GCC_OPTIMIZATION_LEVEL = 0;
				GCC_PREPROCESSOR_DEFINITIONS = (
					"DEBUG=1",
					"$(inherited)",
				);
				GCC_WARN_64_TO_32_BIT_CONVERSION = YES;
				GCC_WARN_ABOUT_RETURN_TYPE = YES_ERROR;
				GCC_WARN_UNDECLARED_SELECTOR = YES;
				GCC_WARN_UNINITIALIZED_AUTOS = YES_AGGRESSIVE;
				GCC_WARN_UNUSED_FUNCTION = YES;
				GCC_WARN_UNUSED_VARIABLE = YES;
				IPHONEOS_DEPLOYMENT_TARGET = 10.2;
				MTL_ENABLE_DEBUG_INFO = YES;
				ONLY_ACTIVE_ARCH = YES;
				SDKROOT = iphoneos;
				SWIFT_ACTIVE_COMPILATION_CONDITIONS = DEBUG;
				SWIFT_OPTIMIZATION_LEVEL = "-Onone";
				TARGETED_DEVICE_FAMILY = "1,2";
			};
			name = Debug;
		};
		949D47B21E1B8D22000CA7C6 /* Release */ = {
			isa = XCBuildConfiguration;
			buildSettings = {
				ALWAYS_SEARCH_USER_PATHS = NO;
				CLANG_ANALYZER_NONNULL = YES;
				CLANG_CXX_LANGUAGE_STANDARD = "gnu++0x";
				CLANG_CXX_LIBRARY = "libc++";
				CLANG_ENABLE_MODULES = YES;
				CLANG_ENABLE_OBJC_ARC = YES;
				CLANG_WARN_BOOL_CONVERSION = YES;
				CLANG_WARN_CONSTANT_CONVERSION = YES;
				CLANG_WARN_DIRECT_OBJC_ISA_USAGE = YES_ERROR;
				CLANG_WARN_DOCUMENTATION_COMMENTS = YES;
				CLANG_WARN_EMPTY_BODY = YES;
				CLANG_WARN_ENUM_CONVERSION = YES;
				CLANG_WARN_INFINITE_RECURSION = YES;
				CLANG_WARN_INT_CONVERSION = YES;
				CLANG_WARN_OBJC_ROOT_CLASS = YES_ERROR;
				CLANG_WARN_SUSPICIOUS_MOVE = YES;
				CLANG_WARN_UNREACHABLE_CODE = YES;
				CLANG_WARN__DUPLICATE_METHOD_MATCH = YES;
				"CODE_SIGN_IDENTITY[sdk=iphoneos*]" = "iPhone Developer";
				COPY_PHASE_STRIP = NO;
				DEBUG_INFORMATION_FORMAT = "dwarf-with-dsym";
				ENABLE_NS_ASSERTIONS = NO;
				ENABLE_STRICT_OBJC_MSGSEND = YES;
				GCC_C_LANGUAGE_STANDARD = gnu99;
				GCC_NO_COMMON_BLOCKS = YES;
				GCC_WARN_64_TO_32_BIT_CONVERSION = YES;
				GCC_WARN_ABOUT_RETURN_TYPE = YES_ERROR;
				GCC_WARN_UNDECLARED_SELECTOR = YES;
				GCC_WARN_UNINITIALIZED_AUTOS = YES_AGGRESSIVE;
				GCC_WARN_UNUSED_FUNCTION = YES;
				GCC_WARN_UNUSED_VARIABLE = YES;
				IPHONEOS_DEPLOYMENT_TARGET = 10.2;
				MTL_ENABLE_DEBUG_INFO = NO;
				SDKROOT = iphoneos;
				SWIFT_OPTIMIZATION_LEVEL = "-Owholemodule";
				TARGETED_DEVICE_FAMILY = "1,2";
				VALIDATE_PRODUCT = YES;
			};
			name = Release;
		};
		949D47B41E1B8D22000CA7C6 /* Debug */ = {
			isa = XCBuildConfiguration;
			baseConfigurationReference = A675F2C16EA86587910CCC3E /* Pods-PhotoAnalyzer.debug.xcconfig */;
			buildSettings = {
				ASSETCATALOG_COMPILER_APPICON_NAME = AppIcon;
				DEVELOPMENT_TEAM = Q7N3L673D8;
				FRAMEWORK_SEARCH_PATHS = (
					"$(inherited)",
					"$(PROJECT_DIR)",
				);
				INFOPLIST_FILE = PhotoAnalyzer/Info.plist;
				LD_RUNPATH_SEARCH_PATHS = "$(inherited) @executable_path/Frameworks";
				PRODUCT_BUNDLE_IDENTIFIER = com.ryan.PhotoAnalyzer;
				PRODUCT_NAME = "$(TARGET_NAME)";
				SWIFT_VERSION = 3.0;
			};
			name = Debug;
		};
		949D47B51E1B8D22000CA7C6 /* Release */ = {
			isa = XCBuildConfiguration;
			baseConfigurationReference = 5DC385E49390150B349416E9 /* Pods-PhotoAnalyzer.release.xcconfig */;
			buildSettings = {
				ASSETCATALOG_COMPILER_APPICON_NAME = AppIcon;
				DEVELOPMENT_TEAM = Q7N3L673D8;
				FRAMEWORK_SEARCH_PATHS = (
					"$(inherited)",
					"$(PROJECT_DIR)",
				);
				INFOPLIST_FILE = PhotoAnalyzer/Info.plist;
				LD_RUNPATH_SEARCH_PATHS = "$(inherited) @executable_path/Frameworks";
				PRODUCT_BUNDLE_IDENTIFIER = com.ryan.PhotoAnalyzer;
				PRODUCT_NAME = "$(TARGET_NAME)";
				SWIFT_VERSION = 3.0;
			};
			name = Release;
		};
		949D47B71E1B8D22000CA7C6 /* Debug */ = {
			isa = XCBuildConfiguration;
			buildSettings = {
				ALWAYS_EMBED_SWIFT_STANDARD_LIBRARIES = YES;
				INFOPLIST_FILE = PhotoAnalyzerUITests/Info.plist;
				LD_RUNPATH_SEARCH_PATHS = "$(inherited) @executable_path/Frameworks @loader_path/Frameworks";
				PRODUCT_BUNDLE_IDENTIFIER = com.ryan.PhotoAnalyzerUITests;
				PRODUCT_NAME = "$(TARGET_NAME)";
				SWIFT_VERSION = 3.0;
				TEST_TARGET_NAME = PhotoAnalyzer;
			};
			name = Debug;
		};
		949D47B81E1B8D22000CA7C6 /* Release */ = {
			isa = XCBuildConfiguration;
			buildSettings = {
				ALWAYS_EMBED_SWIFT_STANDARD_LIBRARIES = YES;
				INFOPLIST_FILE = PhotoAnalyzerUITests/Info.plist;
				LD_RUNPATH_SEARCH_PATHS = "$(inherited) @executable_path/Frameworks @loader_path/Frameworks";
				PRODUCT_BUNDLE_IDENTIFIER = com.ryan.PhotoAnalyzerUITests;
				PRODUCT_NAME = "$(TARGET_NAME)";
				SWIFT_VERSION = 3.0;
				TEST_TARGET_NAME = PhotoAnalyzer;
			};
			name = Release;
		};
/* End XCBuildConfiguration section */

/* Begin XCConfigurationList section */
		949D47911E1B8D22000CA7C6 /* Build configuration list for PBXProject "PhotoAnalyzer" */ = {
			isa = XCConfigurationList;
			buildConfigurations = (
				949D47B11E1B8D22000CA7C6 /* Debug */,
				949D47B21E1B8D22000CA7C6 /* Release */,
			);
			defaultConfigurationIsVisible = 0;
			defaultConfigurationName = Release;
		};
		949D47B31E1B8D22000CA7C6 /* Build configuration list for PBXNativeTarget "PhotoAnalyzer" */ = {
			isa = XCConfigurationList;
			buildConfigurations = (
				949D47B41E1B8D22000CA7C6 /* Debug */,
				949D47B51E1B8D22000CA7C6 /* Release */,
			);
			defaultConfigurationIsVisible = 0;
			defaultConfigurationName = Release;
		};
		949D47B61E1B8D22000CA7C6 /* Build configuration list for PBXNativeTarget "PhotoAnalyzerUITests" */ = {
			isa = XCConfigurationList;
			buildConfigurations = (
				949D47B71E1B8D22000CA7C6 /* Debug */,
				949D47B81E1B8D22000CA7C6 /* Release */,
			);
			defaultConfigurationIsVisible = 0;
			defaultConfigurationName = Release;
		};
/* End XCConfigurationList section */
	};
	rootObject = 949D478E1E1B8D22000CA7C6 /* Project object */;
}
